github.com/athul/archie v0.0.0-20250107191948-0de4e95a8745 h1:gOZIvbkuXFoRGlfQ/qHPm3qCE3Nt3TyKLlW9v398Qag=
github.com/athul/archie v0.0.0-20250107191948-0de4e95a8745/go.mod h1:toV1NH0HG3QeUEXX3aXgyCLuSh9JjAdCSge+cKN7LFs=
github.com/colorchestra/smol v0.0.0-20231124233107-9c5b894c0950 h1:wb56kBIS3OPYZLSENP98UZyx2kLly0EsAFqil94nQ1A=
github.com/colorchestra/smol v0.0.0-20231124233107-9c5b894c0950/go.mod h1:zCNGH1Qu+A99iK4ZWFGilgcr9e1HVs/j25UmmH+EOv8=
github.com/monkeyWzr/hugo-theme-cactus v0.0.0-20240312084910-a5df1d6bed25 h1:wAV8qlIZA6AA+Nq6WHk2+pJgDTE37EUUKq73E1TwOy4=
github.com/monkeyWzr/hugo-theme-cactus v0.0.0-20240312084910-a5df1d6bed25/go.mod h1:pelyER/z3wJ0lzJtj5JVIlUfnKJJ/sfe4RYyfQG0E/4=
